
Microsoft Visual Studio Solution File, Format Version 12.00
# Visual Studio Version 16
VisualStudioVersion = 16.0.30621.155
MinimumVisualStudioVersion = 10.0.40219.1
Project("{FAE04EC0-301F-11D3-BF4B-00C04F79EFBC}") = "OOP", "OOP.csproj", "{8263508A-7AF1-411F-AB60-B1F957CEA646}"
EndProject
Global
	GlobalSection(SolutionConfigurationPlatforms) = preSolution
		Debug|Any CPU = Debug|Any CPU
		Release|Any CPU = Release|Any CPU
	EndGlobalSection
	GlobalSection(ProjectConfigurationPlatforms) = postSolution
		{8263508A-7AF1-411F-AB60-B1F957CEA646}.Debug|Any CPU.ActiveCfg = Debug|Any CPU
		{8263508A-7AF1-411F-AB60-B1F957CEA646}.Debug|Any CPU.Build.0 = Debug|Any CPU
		{8263508A-7AF1-411F-AB60-B1F957CEA646}.Release|Any CPU.ActiveCfg = Release|Any CPU
		{8263508A-7AF1-411F-AB60-B1F957CEA646}.Release|Any CPU.Build.0 = Release|Any CPU
	EndGlobalSection
	GlobalSection(SolutionProperties) = preSolution
		HideSolutionNode = FALSE
	EndGlobalSection
	GlobalSection(ExtensibilityGlobals) = postSolution
		SolutionGuid = {EDFD86AE-9F8B-43D8-8AF9-34C3FD20061F}
	EndGlobalSection
EndGlobal
